Microsoft Visual Studio Solution File, Format Version 12.00
# Visual Studio Version 17
VisualStudioVersion = 17.5.2.0
MinimumVisualStudioVersion = 10.0.40219.1
Project("{2150E333-8FDC-42A3-9474-1A3956D46DE8}") = "Ch2", "Ch2", "{C75B0F7A-18E5-A089-1352-77CD45C885DC}"
EndProject
Project("{2150E333-8FDC-42A3-9474-1A3956D46DE8}") = "Ch1", "Ch1", "{5C99E6DF-8759-C9D6-D755-6D5765706FB7}"
EndProject
Project("{2150E333-8FDC-42A3-9474-1A3956D46DE8}") = "Ch3", "Ch3", "{2AC92364-4706-29BD-E9F5-56929F7A62F0}"
EndProject
Project("{2150E333-8FDC-42A3-9474-1A3956D46DE8}") = "Ch4", "Ch4", "{A2A231AB-4844-CAAE-EF02-CC7925C8423F}"
EndProject
Project("{2150E333-8FDC-42A3-9474-1A3956D46DE8}") = "Ch5", "Ch5", "{E7061160-D734-DBD0-78EA-50DD0B842BFA}"
EndProject
Project("{FAE04EC0-301F-11D3-BF4B-00C04F79EFBC}") = "FunctionsCS", "Ch2\FunctionsCS\FunctionsCS.csproj", "{E7E014B9-1885-3EFF-7993-DA78D050163F}"
EndProject
Project("{2150E333-8FDC-42A3-9474-1A3956D46DE8}") = "Challenge", "Challenge", "{A9881B0F-FC97-7C59-E977-04926216408A}"
EndProject
Project("{FAE04EC0-301F-11D3-BF4B-00C04F79EFBC}") = "ChallengeCS", "Ch1\Challenge\ChallengeCS\ChallengeCS.csproj", "{8C1D4ACD-FC12-1C37-6561-533BB2FE2B12}"
EndProject
Project("{2150E333-8FDC-42A3-9474-1A3956D46DE8}") = "Conditionals", "Conditionals", "{27056D28-DABF-FA72-9389-6CECE0D29E59}"
EndProject
Project("{FAE04EC0-301F-11D3-BF4B-00C04F79EFBC}") = "ConditionalsCS", "Ch1\Conditionals\ConditionalsCS\ConditionalsCS.csproj", "{44878F8A-D5C0-22EB-0B34-C85386E2FBC5}"
EndProject
Project("{2150E333-8FDC-42A3-9474-1A3956D46DE8}") = "HelloWorld", "HelloWorld", "{D1DDE73B-E18B-B5AF-62B6-D39490F9C70D}"
EndProject
Project("{FAE04EC0-301F-11D3-BF4B-00C04F79EFBC}") = "HelloWorldCS", "Ch1\HelloWorld\HelloWorldCS\HelloWorldCS.csproj", "{16E8C913-3D14-6894-EA3D-D916C32F1AB5}"
EndProject
Project("{2150E333-8FDC-42A3-9474-1A3956D46DE8}") = "Loops", "Loops", "{A952C477-B5B9-0E32-25A7-B7FD25FDA239}"
EndProject
Project("{FAE04EC0-301F-11D3-BF4B-00C04F79EFBC}") = "LoopsCS", "Ch1\Loops\LoopsCS\LoopsCS.csproj", "{E5F27F89-92DB-CC63-FF45-D2F40262D5A4}"
EndProject
Project("{2150E333-8FDC-42A3-9474-1A3956D46DE8}") = "Variables", "Variables", "{FF6A37B8-710A-D0A0-44A7-0CF78062C369}"
EndProject
Project("{FAE04EC0-301F-11D3-BF4B-00C04F79EFBC}") = "variablesCS", "Ch1\Variables\variablesCS\variablesCS.csproj", "{ABA3D911-B77F-B76F-076D-3D9CD01BCC7E}"
EndProject
Project("{2150E333-8FDC-42A3-9474-1A3956D46DE8}") = "Abstract", "Abstract", "{21F678CA-6515-8A9E-723C-11D8C0270D12}"
EndProject
Project("{FAE04EC0-301F-11D3-BF4B-00C04F79EFBC}") = "AbstractCS", "Ch3\Abstract\AbstractCS\AbstractCS.csproj", "{68EC120A-8DD3-6267-22F0-E1A6A4CB7B1A}"
EndProject
Project("{2150E333-8FDC-42A3-9474-1A3956D46DE8}") = "DefiningClasses", "DefiningClasses", "{2F2D5543-57B3-AE70-8ECA-AE2891B2B57D}"
EndProject
Project("{FAE04EC0-301F-11D3-BF4B-00C04F79EFBC}") = "ClassesCS", "Ch3\DefiningClasses\ClassesCS\ClassesCS.csproj", "{AEB6DCB1-35CA-7B15-E25F-090C442A0F79}"
EndProject
Project("{2150E333-8FDC-42A3-9474-1A3956D46DE8}") = "Inheritance", "Inheritance", "{ACC62796-CCBF-24BA-96C5-155D5AB3EC44}"
EndProject
Project("{FAE04EC0-301F-11D3-BF4B-00C04F79EFBC}") = "InheritanceCS", "Ch3\Inheritance\InheritanceCS\InheritanceCS.csproj", "{B2CB2E30-E04D-E334-6A92-4E32D9331D07}"
EndProject
Project("{2150E333-8FDC-42A3-9474-1A3956D46DE8}") = "Interfaces", "Interfaces", "{E825E04E-F26D-F4E3-F6B9-6FFD7A8D8366}"
EndProject
Project("{FAE04EC0-301F-11D3-BF4B-00C04F79EFBC}") = "InterfacesCS", "Ch3\Interfaces\InterfacesCS\InterfacesCS.csproj", "{F453CE19-37E8-A826-8618-1398E62C3C1A}"
EndProject
Project("{2150E333-8FDC-42A3-9474-1A3956D46DE8}") = "MagicMethods", "MagicMethods", "{53B02553-C6F1-6C50-6023-85918570BE0D}"
EndProject
Project("{FAE04EC0-301F-11D3-BF4B-00C04F79EFBC}") = "MagicMethodsCS", "Ch3\MagicMethods\MagicMethodsCS\MagicMethodsCS.csproj", "{FC670E80-D8BA-1DAB-D34C-4AAAC4AEAA9D}"
EndProject
Project("{2150E333-8FDC-42A3-9474-1A3956D46DE8}") = "ArraysAndLists", "ArraysAndLists", "{6F77A7BE-96C3-309C-F8E7-E0F61C06794E}"
EndProject
Project("{FAE04EC0-301F-11D3-BF4B-00C04F79EFBC}") = "ArraysAndListsCS", "Ch4\ArraysAndLists\ArraysAndListsCS\ArraysAndListsCS.csproj", "{6E477EF0-DA3E-0CA3-AB35-57126D922384}"
EndProject
Project("{2150E333-8FDC-42A3-9474-1A3956D46DE8}") = "Dictionaries", "Dictionaries", "{AD051329-EF0E-9ECB-2A8F-DBFEF499835B}"
EndProject
Project("{FAE04EC0-301F-11D3-BF4B-00C04F79EFBC}") = "DictionariesCS", "Ch4\Dictionaries\DictionariesCS\DictionariesCS.csproj", "{94519AF8-2B27-6957-5E3E-593B43B86821}"
EndProject
Project("{2150E333-8FDC-42A3-9474-1A3956D46DE8}") = "Challenge", "Challenge", "{7FC3EA5F-8E23-9F4B-ED8D-988A3303BE30}"
EndProject
Project("{FAE04EC0-301F-11D3-BF4B-00C04F79EFBC}") = "ChallengeCS", "Ch5\Challenge\ChallengeCS\ChallengeCS.csproj", "{E2BC939A-36D0-FCA4-375F-1B3861E598CD}"
EndProject
Project("{2150E333-8FDC-42A3-9474-1A3956D46DE8}") = "Exceptions", "Exceptions", "{3FF75934-1AAD-3DCF-9AF6-0F487D6922EA}"
EndProject
Project("{FAE04EC0-301F-11D3-BF4B-00C04F79EFBC}") = "ExceptionsCS", "Ch5\Exceptions\ExceptionsCS\ExceptionsCS.csproj", "{54254613-A1A3-7151-B4F5-7C5461C474C0}"
EndProject
Project("{2150E333-8FDC-42A3-9474-1A3956D46DE8}") = "Scopes", "Scopes", "{B3B10DC3-3F77-CBFA-18F7-CD45A1E5BB7C}"
EndProject
Project("{FAE04EC0-301F-11D3-BF4B-00C04F79EFBC}") = "ScopesCS", "Ch5\Scopes\ScopesCS\ScopesCS.csproj", "{724EB6B6-D214-10A5-42A1-5726FF5B049A}"
EndProject
Project("{2150E333-8FDC-42A3-9474-1A3956D46DE8}") = "Strings", "Strings", "{16A511AD-B084-E3D5-40C0-7D58EAA78174}"
EndProject
Project("{FAE04EC0-301F-11D3-BF4B-00C04F79EFBC}") = "StringsCS", "Ch5\Strings\StringsCS\StringsCS.csproj", "{FB9E5359-D715-39A0-30CB-92C4F82D2A77}"
EndProject
Global
	GlobalSection(SolutionConfigurationPlatforms) = preSolution
		Debug|Any CPU = Debug|Any CPU
		Release|Any CPU = Release|Any CPU
	EndGlobalSection
	GlobalSection(ProjectConfigurationPlatforms) = postSolution
		{E7E014B9-1885-3EFF-7993-DA78D050163F}.Debug|Any CPU.ActiveCfg = Debug|Any CPU
		{E7E014B9-1885-3EFF-7993-DA78D050163F}.Debug|Any CPU.Build.0 = Debug|Any CPU
		{E7E014B9-1885-3EFF-7993-DA78D050163F}.Release|Any CPU.ActiveCfg = Release|Any CPU
		{E7E014B9-1885-3EFF-7993-DA78D050163F}.Release|Any CPU.Build.0 = Release|Any CPU
		{8C1D4ACD-FC12-1C37-6561-533BB2FE2B12}.Debug|Any CPU.ActiveCfg = Debug|Any CPU
		{8C1D4ACD-FC12-1C37-6561-533BB2FE2B12}.Debug|Any CPU.Build.0 = Debug|Any CPU
		{8C1D4ACD-FC12-1C37-6561-533BB2FE2B12}.Release|Any CPU.ActiveCfg = Release|Any CPU
		{8C1D4ACD-FC12-1C37-6561-533BB2FE2B12}.Release|Any CPU.Build.0 = Release|Any CPU
		{44878F8A-D5C0-22EB-0B34-C85386E2FBC5}.Debug|Any CPU.ActiveCfg = Debug|Any CPU
		{44878F8A-D5C0-22EB-0B34-C85386E2FBC5}.Debug|Any CPU.Build.0 = Debug|Any CPU
		{44878F8A-D5C0-22EB-0B34-C85386E2FBC5}.Release|Any CPU.ActiveCfg = Release|Any CPU
		{44878F8A-D5C0-22EB-0B34-C85386E2FBC5}.Release|Any CPU.Build.0 = Release|Any CPU
		{16E8C913-3D14-6894-EA3D-D916C32F1AB5}.Debug|Any CPU.ActiveCfg = Debug|Any CPU
		{16E8C913-3D14-6894-EA3D-D916C32F1AB5}.Debug|Any CPU.Build.0 = Debug|Any CPU
		{16E8C913-3D14-6894-EA3D-D916C32F1AB5}.Release|Any CPU.ActiveCfg = Release|Any CPU
		{16E8C913-3D14-6894-EA3D-D916C32F1AB5}.Release|Any CPU.Build.0 = Release|Any CPU
		{E5F27F89-92DB-CC63-FF45-D2F40262D5A4}.Debug|Any CPU.ActiveCfg = Debug|Any CPU
		{E5F27F89-92DB-CC63-FF45-D2F40262D5A4}.Debug|Any CPU.Build.0 = Debug|Any CPU
		{E5F27F89-92DB-CC63-FF45-D2F40262D5A4}.Release|Any CPU.ActiveCfg = Release|Any CPU
		{E5F27F89-92DB-CC63-FF45-D2F40262D5A4}.Release|Any CPU.Build.0 = Release|Any CPU
		{ABA3D911-B77F-B76F-076D-3D9CD01BCC7E}.Debug|Any CPU.ActiveCfg = Debug|Any CPU
		{ABA3D911-B77F-B76F-076D-3D9CD01BCC7E}.Debug|Any CPU.Build.0 = Debug|Any CPU
		{ABA3D911-B77F-B76F-076D-3D9CD01BCC7E}.Release|Any CPU.ActiveCfg = Release|Any CPU
		{ABA3D911-B77F-B76F-076D-3D9CD01BCC7E}.Release|Any CPU.Build.0 = Release|Any CPU
		{68EC120A-8DD3-6267-22F0-E1A6A4CB7B1A}.Debug|Any CPU.ActiveCfg = Debug|Any CPU
		{68EC120A-8DD3-6267-22F0-E1A6A4CB7B1A}.Debug|Any CPU.Build.0 = Debug|Any CPU
		{68EC120A-8DD3-6267-22F0-E1A6A4CB7B1A}.Release|Any CPU.ActiveCfg = Release|Any CPU
		{68EC120A-8DD3-6267-22F0-E1A6A4CB7B1A}.Release|Any CPU.Build.0 = Release|Any CPU
		{AEB6DCB1-35CA-7B15-E25F-090C442A0F79}.Debug|Any CPU.ActiveCfg = Debug|Any CPU
		{AEB6DCB1-35CA-7B15-E25F-090C442A0F79}.Debug|Any CPU.Build.0 = Debug|Any CPU
		{AEB6DCB1-35CA-7B15-E25F-090C442A0F79}.Release|Any CPU.ActiveCfg = Release|Any CPU
		{AEB6DCB1-35CA-7B15-E25F-090C442A0F79}.Release|Any CPU.Build.0 = Release|Any CPU
		{B2CB2E30-E04D-E334-6A92-4E32D9331D07}.Debug|Any CPU.ActiveCfg = Debug|Any CPU
		{B2CB2E30-E04D-E334-6A92-4E32D9331D07}.Debug|Any CPU.Build.0 = Debug|Any CPU
		{B2CB2E30-E04D-E334-6A92-4E32D9331D07}.Release|Any CPU.ActiveCfg = Release|Any CPU
		{B2CB2E30-E04D-E334-6A92-4E32D9331D07}.Release|Any CPU.Build.0 = Release|Any CPU
		{F453CE19-37E8-A826-8618-1398E62C3C1A}.Debug|Any CPU.ActiveCfg = Debug|Any CPU
		{F453CE19-37E8-A826-8618-1398E62C3C1A}.Debug|Any CPU.Build.0 = Debug|Any CPU
		{F453CE19-37E8-A826-8618-1398E62C3C1A}.Release|Any CPU.ActiveCfg = Release|Any CPU
		{F453CE19-37E8-A826-8618-1398E62C3C1A}.Release|Any CPU.Build.0 = Release|Any CPU
		{FC670E80-D8BA-1DAB-D34C-4AAAC4AEAA9D}.Debug|Any CPU.ActiveCfg = Debug|Any CPU
		{FC670E80-D8BA-1DAB-D34C-4AAAC4AEAA9D}.Debug|Any CPU.Build.0 = Debug|Any CPU
		{FC670E80-D8BA-1DAB-D34C-4AAAC4AEAA9D}.Release|Any CPU.ActiveCfg = Release|Any CPU
		{FC670E80-D8BA-1DAB-D34C-4AAAC4AEAA9D}.Release|Any CPU.Build.0 = Release|Any CPU
		{6E477EF0-DA3E-0CA3-AB35-57126D922384}.Debug|Any CPU.ActiveCfg = Debug|Any CPU
		{6E477EF0-DA3E-0CA3-AB35-57126D922384}.Debug|Any CPU.Build.0 = Debug|Any CPU
		{6E477EF0-DA3E-0CA3-AB35-57126D922384}.Release|Any CPU.ActiveCfg = Release|Any CPU
		{6E477EF0-DA3E-0CA3-AB35-57126D922384}.Release|Any CPU.Build.0 = Release|Any CPU
		{94519AF8-2B27-6957-5E3E-593B43B86821}.Debug|Any CPU.ActiveCfg = Debug|Any CPU
		{94519AF8-2B27-6957-5E3E-593B43B86821}.Debug|Any CPU.Build.0 = Debug|Any CPU
		{94519AF8-2B27-6957-5E3E-593B43B86821}.Release|Any CPU.ActiveCfg = Release|Any CPU
		{94519AF8-2B27-6957-5E3E-593B43B86821}.Release|Any CPU.Build.0 = Release|Any CPU
		{E2BC939A-36D0-FCA4-375F-1B3861E598CD}.Debug|Any CPU.ActiveCfg = Debug|Any CPU
		{E2BC939A-36D0-FCA4-375F-1B3861E598CD}.Debug|Any CPU.Build.0 = Debug|Any CPU
		{E2BC939A-36D0-FCA4-375F-1B3861E598CD}.Release|Any CPU.ActiveCfg = Release|Any CPU
		{E2BC939A-36D0-FCA4-375F-1B3861E598CD}.Release|Any CPU.Build.0 = Release|Any CPU
		{54254613-A1A3-7151-B4F5-7C5461C474C0}.Debug|Any CPU.ActiveCfg = Debug|Any CPU
		{54254613-A1A3-7151-B4F5-7C5461C474C0}.Debug|Any CPU.Build.0 = Debug|Any CPU
		{54254613-A1A3-7151-B4F5-7C5461C474C0}.Release|Any CPU.ActiveCfg = Release|Any CPU
		{54254613-A1A3-7151-B4F5-7C5461C474C0}.Release|Any CPU.Build.0 = Release|Any CPU
		{724EB6B6-D214-10A5-42A1-5726FF5B049A}.Debug|Any CPU.ActiveCfg = Debug|Any CPU
		{724EB6B6-D214-10A5-42A1-5726FF5B049A}.Debug|Any CPU.Build.0 = Debug|Any CPU
		{724EB6B6-D214-10A5-42A1-5726FF5B049A}.Release|Any CPU.ActiveCfg = Release|Any CPU
		{724EB6B6-D214-10A5-42A1-5726FF5B049A}.Release|Any CPU.Build.0 = Release|Any CPU
		{FB9E5359-D715-39A0-30CB-92C4F82D2A77}.Debug|Any CPU.ActiveCfg = Debug|Any CPU
		{FB9E5359-D715-39A0-30CB-92C4F82D2A77}.Debug|Any CPU.Build.0 = Debug|Any CPU
		{FB9E5359-D715-39A0-30CB-92C4F82D2A77}.Release|Any CPU.ActiveCfg = Release|Any CPU
		{FB9E5359-D715-39A0-30CB-92C4F82D2A77}.Release|Any CPU.Build.0 = Release|Any CPU
	EndGlobalSection
	GlobalSection(SolutionProperties) = preSolution
		HideSolutionNode = FALSE
	EndGlobalSection
	GlobalSection(NestedProjects) = preSolution
		{E7E014B9-1885-3EFF-7993-DA78D050163F} = {C75B0F7A-18E5-A089-1352-77CD45C885DC}
		{A9881B0F-FC97-7C59-E977-04926216408A} = {5C99E6DF-8759-C9D6-D755-6D5765706FB7}
		{8C1D4ACD-FC12-1C37-6561-533BB2FE2B12} = {A9881B0F-FC97-7C59-E977-04926216408A}
		{27056D28-DABF-FA72-9389-6CECE0D29E59} = {5C99E6DF-8759-C9D6-D755-6D5765706FB7}
		{44878F8A-D5C0-22EB-0B34-C85386E2FBC5} = {27056D28-DABF-FA72-9389-6CECE0D29E59}
		{D1DDE73B-E18B-B5AF-62B6-D39490F9C70D} = {5C99E6DF-8759-C9D6-D755-6D5765706FB7}
		{16E8C913-3D14-6894-EA3D-D916C32F1AB5} = {D1DDE73B-E18B-B5AF-62B6-D39490F9C70D}
		{A952C477-B5B9-0E32-25A7-B7FD25FDA239} = {5C99E6DF-8759-C9D6-D755-6D5765706FB7}
		{E5F27F89-92DB-CC63-FF45-D2F40262D5A4} = {A952C477-B5B9-0E32-25A7-B7FD25FDA239}
		{FF6A37B8-710A-D0A0-44A7-0CF78062C369} = {5C99E6DF-8759-C9D6-D755-6D5765706FB7}
		{ABA3D911-B77F-B76F-076D-3D9CD01BCC7E} = {FF6A37B8-710A-D0A0-44A7-0CF78062C369}
		{21F678CA-6515-8A9E-723C-11D8C0270D12} = {2AC92364-4706-29BD-E9F5-56929F7A62F0}
		{68EC120A-8DD3-6267-22F0-E1A6A4CB7B1A} = {21F678CA-6515-8A9E-723C-11D8C0270D12}
		{2F2D5543-57B3-AE70-8ECA-AE2891B2B57D} = {2AC92364-4706-29BD-E9F5-56929F7A62F0}
		{AEB6DCB1-35CA-7B15-E25F-090C442A0F79} = {2F2D5543-57B3-AE70-8ECA-AE2891B2B57D}
		{ACC62796-CCBF-24BA-96C5-155D5AB3EC44} = {2AC92364-4706-29BD-E9F5-56929F7A62F0}
		{B2CB2E30-E04D-E334-6A92-4E32D9331D07} = {ACC62796-CCBF-24BA-96C5-155D5AB3EC44}
		{E825E04E-F26D-F4E3-F6B9-6FFD7A8D8366} = {2AC92364-4706-29BD-E9F5-56929F7A62F0}
		{F453CE19-37E8-A826-8618-1398E62C3C1A} = {E825E04E-F26D-F4E3-F6B9-6FFD7A8D8366}
		{53B02553-C6F1-6C50-6023-85918570BE0D} = {2AC92364-4706-29BD-E9F5-56929F7A62F0}
		{FC670E80-D8BA-1DAB-D34C-4AAAC4AEAA9D} = {53B02553-C6F1-6C50-6023-85918570BE0D}
		{6F77A7BE-96C3-309C-F8E7-E0F61C06794E} = {A2A231AB-4844-CAAE-EF02-CC7925C8423F}
		{6E477EF0-DA3E-0CA3-AB35-57126D922384} = {6F77A7BE-96C3-309C-F8E7-E0F61C06794E}
		{AD051329-EF0E-9ECB-2A8F-DBFEF499835B} = {A2A231AB-4844-CAAE-EF02-CC7925C8423F}
		{94519AF8-2B27-6957-5E3E-593B43B86821} = {AD051329-EF0E-9ECB-2A8F-DBFEF499835B}
		{7FC3EA5F-8E23-9F4B-ED8D-988A3303BE30} = {E7061160-D734-DBD0-78EA-50DD0B842BFA}
		{E2BC939A-36D0-FCA4-375F-1B3861E598CD} = {7FC3EA5F-8E23-9F4B-ED8D-988A3303BE30}
		{3FF75934-1AAD-3DCF-9AF6-0F487D6922EA} = {E7061160-D734-DBD0-78EA-50DD0B842BFA}
		{54254613-A1A3-7151-B4F5-7C5461C474C0} = {3FF75934-1AAD-3DCF-9AF6-0F487D6922EA}
		{B3B10DC3-3F77-CBFA-18F7-CD45A1E5BB7C} = {E7061160-D734-DBD0-78EA-50DD0B842BFA}
		{724EB6B6-D214-10A5-42A1-5726FF5B049A} = {B3B10DC3-3F77-CBFA-18F7-CD45A1E5BB7C}
		{16A511AD-B084-E3D5-40C0-7D58EAA78174} = {E7061160-D734-DBD0-78EA-50DD0B842BFA}
		{FB9E5359-D715-39A0-30CB-92C4F82D2A77} = {16A511AD-B084-E3D5-40C0-7D58EAA78174}
	EndGlobalSection
	GlobalSection(ExtensibilityGlobals) = postSolution
		SolutionGuid = {FABAAED8-EED1-4AAA-903C-0F9F395FFB4C}
	EndGlobalSection
EndGlobal
